<Solution>
  <Folder Name="/.dev-tools/">
    <File Path="Directory.Packages.props" />
    <File Path="global.json" />
    <Project Path="src/Tools.CodeOfChaos.Extensions/Tools.CodeOfChaos.Extensions.csproj" />
  </Folder>
  <Folder Name="/.dev-tools/github/">
    <File Path=".github/dependabot.yml" />
    <File Path=".github/workflows/onPullRequest-TestDotnet.yml" />
    <File Path=".github/workflows/release.yml" />
    <File Path=".github/workflows/workflow-todo.yml" />
  </Folder>
  <Folder Name="/examples/">
    <Project Path="examples/Examples.CodeOfChaos.Extensions.Analyzers/Examples.CodeOfChaos.Extensions.Analyzers.csproj" />
    <Project Path="examples/Examples.CodeOfChaos.Extensions.DependencyInjection/Examples.CodeOfChaos.Extensions.DependencyInjection.csproj" />
  </Folder>
  <Folder Name="/src/">
    <Project Path="src/CodeOfChaos.Extensions.Analyzers/CodeOfChaos.Extensions.Analyzers.csproj" />
    <Project Path="src/CodeOfChaos.Extensions.AspNetCore.Components/CodeOfChaos.Extensions.AspNetCore.Components.csproj" />
    <Project Path="src/CodeOfChaos.Extensions.AspNetCore/CodeOfChaos.Extensions.AspNetCore.csproj" />
    <Project Path="src/CodeOfChaos.Extensions.DependencyInjection.Generators/CodeOfChaos.Extensions.DependencyInjection.Generators.csproj" />
    <Project Path="src/CodeOfChaos.Extensions.DependencyInjection/CodeOfChaos.Extensions.DependencyInjection.csproj" />
    <Project Path="src/CodeOfChaos.Extensions.EntityFrameworkCore/CodeOfChaos.Extensions.EntityFrameworkCore.csproj" />
    <Project Path="src/CodeOfChaos.Extensions.FluentValidation/CodeOfChaos.Extensions.FluentValidation.csproj" />
    <Project Path="src/CodeOfChaos.Extensions.MicrosoftLogging/CodeOfChaos.Extensions.MicrosoftLogging.csproj" />
    <Project Path="src/CodeOfChaos.Extensions.ObjectPool/CodeOfChaos.Extensions.ObjectPool.csproj" />
    <Project Path="src/CodeOfChaos.Extensions.Serilog/CodeOfChaos.Extensions.Serilog.csproj" />
    <Project Path="src/CodeOfChaos.Extensions/CodeOfChaos.Extensions.csproj" />
  </Folder>
  <Folder Name="/tests/">
    <Project Path="tests/Benchmarks.CodeOfChaos.Extensions/Benchmarks.CodeOfChaos.Extensions.csproj" />
    <Project Path="tests/Tests.CodeOfChaos.Extensions.Analyzers/Tests.CodeOfChaos.Extensions.Analyzers.csproj" />
    <Project Path="tests/Tests.CodeOfChaos.Extensions.AspNetCore.Components/Tests.CodeOfChaos.Extensions.AspNetCore.Components.csproj" />
    <Project Path="tests/Tests.CodeOfChaos.Extensions.AspNetCore/Tests.CodeOfChaos.Extensions.AspNetCore.csproj" />
    <Project Path="tests/Tests.CodeOfChaos.Extensions.DependencyInjection/Tests.CodeOfChaos.Extensions.DependencyInjection.csproj" />
    <Project Path="tests/Tests.CodeOfChaos.Extensions.EntityFrameworkCore/Tests.CodeOfChaos.Extensions.EntityFrameworkCore.csproj" />
    <Project Path="tests/Tests.CodeOfChaos.Extensions.FluentValidation/Tests.CodeOfChaos.Extensions.FluentValidation.csproj" />
    <Project Path="tests/Tests.CodeOfChaos.Extensions.ObjectPool/Tests.CodeOfChaos.Extensions.ObjectPool.csproj" />
    <Project Path="tests/Tests.CodeOfChaos.Extensions.Serilog/Tests.CodeOfChaos.Extensions.Serilog.csproj" />
    <Project Path="tests/Tests.CodeOfChaos.Extensions/Tests.CodeOfChaos.Extensions.csproj" />
  </Folder>
</Solution>
